// !$*UTF8*$!
{
	archiveVersion = 1;
	classes = {
	};
	objectVersion = 56;
	objects = {

/* Begin PBXBuildFile section */
		97B6C3B52A272D7E008D0BB6 /* Assets.xcassets in Resources */ = {isa = PBXBuildFile; fileRef = 97B6C3B42A272D7E008D0BB6 /* Assets.xcassets */; };
		97B6C3B82A272D7E008D0BB6 /* Preview Assets.xcassets in Resources */ = {isa = PBXBuildFile; fileRef = 97B6C3B72A272D7E008D0BB6 /* Preview Assets.xcassets */; };
		97B6C3BF2A272DAD008D0BB6 /* Sample1.swift in Sources */ = {isa = PBXBuildFile; fileRef = 97B6C3BE2A272DAD008D0BB6 /* Sample1.swift */; };
		97B6C3C12A27332A008D0BB6 /* Sample1Component.swift in Sources */ = {isa = PBXBuildFile; fileRef = 97B6C3C02A27332A008D0BB6 /* Sample1Component.swift */; };
		97B6C3C32A273409008D0BB6 /* Sample2.swift in Sources */ = {isa = PBXBuildFile; fileRef = 97B6C3C22A273409008D0BB6 /* Sample2.swift */; };
		97B6C3C52A273450008D0BB6 /* Sample2Component.swift in Sources */ = {isa = PBXBuildFile; fileRef = 97B6C3C42A273450008D0BB6 /* Sample2Component.swift */; };
		97B6C3C72A274490008D0BB6 /* Sample3.swift in Sources */ = {isa = PBXBuildFile; fileRef = 97B6C3C62A274490008D0BB6 /* Sample3.swift */; };
		97B6C3C92A2744AA008D0BB6 /* Sample3Component.swift in Sources */ = {isa = PBXBuildFile; fileRef = 97B6C3C82A2744AA008D0BB6 /* Sample3Component.swift */; };
		97B6C3CB2A2756CA008D0BB6 /* StickyHeaderSampleApp.swift in Sources */ = {isa = PBXBuildFile; fileRef = 97B6C3CA2A2756CA008D0BB6 /* StickyHeaderSampleApp.swift */; };
		97EE81D72A388B6C009B6BF9 /* Sample4.swift in Sources */ = {isa = PBXBuildFile; fileRef = 97EE81D62A388B6C009B6BF9 /* Sample4.swift */; };
		97EE81D92A388B87009B6BF9 /* Sample4Component.swift in Sources */ = {isa = PBXBuildFile; fileRef = 97EE81D82A388B87009B6BF9 /* Sample4Component.swift */; };
/* End PBXBuildFile section */

/* Begin PBXFileReference section */
		97B6C3AD2A272D7D008D0BB6 /* StickyHeaderSample.app */ = {isa = PBXFileReference; explicitFileType = wrapper.application; includeInIndex = 0; path = StickyHeaderSample.app; sourceTree = BUILT_PRODUCTS_DIR; };
		97B6C3B42A272D7E008D0BB6 /* Assets.xcassets */ = {isa = PBXFileReference; lastKnownFileType = folder.assetcatalog; path = Assets.xcassets; sourceTree = "<group>"; };
		97B6C3B72A272D7E008D0BB6 /* Preview Assets.xcassets */ = {isa = PBXFileReference; lastKnownFileType = folder.assetcatalog; path = "Preview Assets.xcassets"; sourceTree = "<group>"; };
		97B6C3BE2A272DAD008D0BB6 /* Sample1.swift */ = {isa = PBXFileReference; lastKnownFileType = sourcecode.swift; path = Sample1.swift; sourceTree = "<group>"; };
		97B6C3C02A27332A008D0BB6 /* Sample1Component.swift */ = {isa = PBXFileReference; lastKnownFileType = sourcecode.swift; path = Sample1Component.swift; sourceTree = "<group>"; };
		97B6C3C22A273409008D0BB6 /* Sample2.swift */ = {isa = PBXFileReference; lastKnownFileType = sourcecode.swift; path = Sample2.swift; sourceTree = "<group>"; };
		97B6C3C42A273450008D0BB6 /* Sample2Component.swift */ = {isa = PBXFileReference; lastKnownFileType = sourcecode.swift; path = Sample2Component.swift; sourceTree = "<group>"; };
		97B6C3C62A274490008D0BB6 /* Sample3.swift */ = {isa = PBXFileReference; lastKnownFileType = sourcecode.swift; path = Sample3.swift; sourceTree = "<group>"; };
		97B6C3C82A2744AA008D0BB6 /* Sample3Component.swift */ = {isa = PBXFileReference; lastKnownFileType = sourcecode.swift; path = Sample3Component.swift; sourceTree = "<group>"; };
		97B6C3CA2A2756CA008D0BB6 /* StickyHeaderSampleApp.swift */ = {isa = PBXFileReference; lastKnownFileType = sourcecode.swift; path = StickyHeaderSampleApp.swift; sourceTree = "<group>"; };
		97EE81D62A388B6C009B6BF9 /* Sample4.swift */ = {isa = PBXFileReference; lastKnownFileType = sourcecode.swift; path = Sample4.swift; sourceTree = "<group>"; };
		97EE81D82A388B87009B6BF9 /* Sample4Component.swift */ = {isa = PBXFileReference; lastKnownFileType = sourcecode.swift; path = Sample4Component.swift; sourceTree = "<group>"; };
/* End PBXFileReference section */

/* Begin PBXFrameworksBuildPhase section */
		97B6C3AA2A272D7D008D0BB6 /* Frameworks */ = {
			isa = PBXFrameworksBuildPhase;
			buildActionMask = 2147483647;
			files = (
			);
			runOnlyForDeploymentPostprocessing = 0;
		};
/* End PBXFrameworksBuildPhase section */

/* Begin PBXGroup section */
		97B6C3A42A272D7D008D0BB6 = {
			isa = PBXGroup;
			children = (
				97B6C3AF2A272D7D008D0BB6 /* StickyHeaderSample */,
				97B6C3AE2A272D7D008D0BB6 /* Products */,
			);
			sourceTree = "<group>";
		};
		97B6C3AE2A272D7D008D0BB6 /* Products */ = {
			isa = PBXGroup;
			children = (
				97B6C3AD2A272D7D008D0BB6 /* StickyHeaderSample.app */,
			);
			name = Products;
			sourceTree = "<group>";
		};
		97B6C3AF2A272D7D008D0BB6 /* StickyHeaderSample */ = {
			isa = PBXGroup;
			children = (
				97B6C3CA2A2756CA008D0BB6 /* StickyHeaderSampleApp.swift */,
				97B6C3BE2A272DAD008D0BB6 /* Sample1.swift */,
				97B6C3C02A27332A008D0BB6 /* Sample1Component.swift */,
				97B6C3C22A273409008D0BB6 /* Sample2.swift */,
				97B6C3C42A273450008D0BB6 /* Sample2Component.swift */,
				97B6C3C62A274490008D0BB6 /* Sample3.swift */,
				97B6C3C82A2744AA008D0BB6 /* Sample3Component.swift */,
				97EE81D62A388B6C009B6BF9 /* Sample4.swift */,
				97EE81D82A388B87009B6BF9 /* Sample4Component.swift */,
				97B6C3B42A272D7E008D0BB6 /* Assets.xcassets */,
				97B6C3B62A272D7E008D0BB6 /* Preview Content */,
			);
			path = StickyHeaderSample;
			sourceTree = "<group>";
		};
		97B6C3B62A272D7E008D0BB6 /* Preview Content */ = {
			isa = PBXGroup;
			children = (
				97B6C3B72A272D7E008D0BB6 /* Preview Assets.xcassets */,
			);
			path = "Preview Content";
			sourceTree = "<group>";
		};
/* End PBXGroup section */

/* Begin PBXNativeTarget section */
		97B6C3AC2A272D7D008D0BB6 /* StickyHeaderSample */ = {
			isa = PBXNativeTarget;
			buildConfigurationList = 97B6C3BB2A272D7E008D0BB6 /* Build configuration list for PBXNativeTarget "StickyHeaderSample" */;
			buildPhases = (
				97B6C3A92A272D7D008D0BB6 /* Sources */,
				97B6C3AA2A272D7D008D0BB6 /* Frameworks */,
				97B6C3AB2A272D7D008D0BB6 /* Resources */,
			);
			buildRules = (
			);
			dependencies = (
			);
			name = StickyHeaderSample;
			productName = StickyHeaderSample;
			productReference = 97B6C3AD2A272D7D008D0BB6 /* StickyHeaderSample.app */;
			productType = "com.apple.product-type.application";
		};
/* End PBXNativeTarget section */

/* Begin PBXProject section */
		97B6C3A52A272D7D008D0BB6 /* Project object */ = {
			isa = PBXProject;
			attributes = {
				BuildIndependentTargetsInParallel = 1;
				LastSwiftUpdateCheck = 1430;
				LastUpgradeCheck = 1430;
				TargetAttributes = {
					97B6C3AC2A272D7D008D0BB6 = {
						CreatedOnToolsVersion = 14.3;
					};
				};
			};
			buildConfigurationList = 97B6C3A82A272D7D008D0BB6 /* Build configuration list for PBXProject "StickyHeaderSample" */;
			compatibilityVersion = "Xcode 14.0";
			developmentRegion = en;
			hasScannedForEncodings = 0;
			knownRegions = (
				en,
				Base,
			);
			mainGroup = 97B6C3A42A272D7D008D0BB6;
			productRefGroup = 97B6C3AE2A272D7D008D0BB6 /* Products */;
			projectDirPath = "";
			projectRoot = "";
			targets = (
				97B6C3AC2A272D7D008D0BB6 /* StickyHeaderSample */,
			);
		};
/* End PBXProject section */

/* Begin PBXResourcesBuildPhase section */
		97B6C3AB2A272D7D008D0BB6 /* Resources */ = {
			isa = PBXResourcesBuildPhase;
			buildActionMask = 2147483647;
			files = (
				97B6C3B82A272D7E008D0BB6 /* Preview Assets.xcassets in Resources */,
				97B6C3B52A272D7E008D0BB6 /* Assets.xcassets in Resources */,
			);
			runOnlyForDeploymentPostprocessing = 0;
		};
/* End PBXResourcesBuildPhase section */

/* Begin PBXSourcesBuildPhase section */
		97B6C3A92A272D7D008D0BB6 /* Sources */ = {
			isa = PBXSourcesBuildPhase;
			buildActionMask = 2147483647;
			files = (
				97EE81D92A388B87009B6BF9 /* Sample4Component.swift in Sources */,
				97B6C3CB2A2756CA008D0BB6 /* StickyHeaderSampleApp.swift in Sources */,
				97B6C3C92A2744AA008D0BB6 /* Sample3Component.swift in Sources */,
				97B6C3C52A273450008D0BB6 /* Sample2Component.swift in Sources */,
				97B6C3BF2A272DAD008D0BB6 /* Sample1.swift in Sources */,
				97B6C3C72A274490008D0BB6 /* Sample3.swift in Sources */,
				97B6C3C32A273409008D0BB6 /* Sample2.swift in Sources */,
				97EE81D72A388B6C009B6BF9 /* Sample4.swift in Sources */,
				97B6C3C12A27332A008D0BB6 /* Sample1Component.swift in Sources */,
			);
			runOnlyForDeploymentPostprocessing = 0;
		};
/* End PBXSourcesBuildPhase section */

/* Begin XCBuildConfiguration section */
		97B6C3B92A272D7E008D0BB6 /* Debug */ = {
			isa = XCBuildConfiguration;
			buildSettings = {
				ALWAYS_SEARCH_USER_PATHS = NO;
				CLANG_ANALYZER_NONNULL = YES;
				CLANG_ANALYZER_NUMBER_OBJECT_CONVERSION = YES_AGGRESSIVE;
				CLANG_CXX_LANGUAGE_STANDARD = "gnu++20";
				CLANG_ENABLE_MODULES = YES;
				CLANG_ENABLE_OBJC_ARC = YES;
				CLANG_ENABLE_OBJC_WEAK = YES;
				CLANG_WARN_BLOCK_CAPTURE_AUTORELEASING = YES;
				CLANG_WARN_BOOL_CONVERSION = YES;
				CLANG_WARN_COMMA = YES;
				CLANG_WARN_CONSTANT_CONVERSION = YES;
				CLANG_WARN_DEPRECATED_OBJC_IMPLEMENTATIONS = YES;
				CLANG_WARN_DIRECT_OBJC_ISA_USAGE = YES_ERROR;
				CLANG_WARN_DOCUMENTATION_COMMENTS = YES;
				CLANG_WARN_EMPTY_BODY = YES;
				CLANG_WARN_ENUM_CONVERSION = YES;
				CLANG_WARN_INFINITE_RECURSION = YES;
				CLANG_WARN_INT_CONVERSION = YES;
				CLANG_WARN_NON_LITERAL_NULL_CONVERSION = YES;
				CLANG_WARN_OBJC_IMPLICIT_RETAIN_SELF = YES;
				CLANG_WARN_OBJC_LITERAL_CONVERSION = YES;
				CLANG_WARN_OBJC_ROOT_CLASS = YES_ERROR;
				CLANG_WARN_QUOTED_INCLUDE_IN_FRAMEWORK_HEADER = YES;
				CLANG_WARN_RANGE_LOOP_ANALYSIS = YES;
				CLANG_WARN_STRICT_PROTOTYPES = YES;
				CLANG_WARN_SUSPICIOUS_MOVE = YES;
				CLANG_WARN_UNGUARDED_AVAILABILITY = YES_AGGRESSIVE;
				CLANG_WARN_UNREACHABLE_CODE = YES;
				CLANG_WARN__DUPLICATE_METHOD_MATCH = YES;
				COPY_PHASE_STRIP = NO;
				DEBUG_INFORMATION_FORMAT = dwarf;
				ENABLE_STRICT_OBJC_MSGSEND = YES;
				ENABLE_TESTABILITY = YES;
				GCC_C_LANGUAGE_STANDARD = gnu11;
				GCC_DYNAMIC_NO_PIC = NO;
				GCC_NO_COMMON_BLOCKS = YES;
				GCC_OPTIMIZATION_LEVEL = 0;
				GCC_PREPROCESSOR_DEFINITIONS = (
					"DEBUG=1",
					"$(inherited)",
				);
				GCC_WARN_64_TO_32_BIT_CONVERSION = YES;
				GCC_WARN_ABOUT_RETURN_TYPE = YES_ERROR;
				GCC_WARN_UNDECLARED_SELECTOR = YES;
				GCC_WARN_UNINITIALIZED_AUTOS = YES_AGGRESSIVE;
				GCC_WARN_UNUSED_FUNCTION = YES;
				GCC_WARN_UNUSED_VARIABLE = YES;
				IPHONEOS_DEPLOYMENT_TARGET = 16.4;
				MTL_ENABLE_DEBUG_INFO = INCLUDE_SOURCE;
				MTL_FAST_MATH = YES;
				ONLY_ACTIVE_ARCH = YES;
				SDKROOT = iphoneos;
				SWIFT_ACTIVE_COMPILATION_CONDITIONS = DEBUG;
				SWIFT_OPTIMIZATION_LEVEL = "-Onone";
			};
			name = Debug;
		};
		97B6C3BA2A272D7E008D0BB6 /* Release */ = {
			isa = XCBuildConfiguration;
			buildSettings = {
				ALWAYS_SEARCH_USER_PATHS = NO;
				CLANG_ANALYZER_NONNULL = YES;
				CLANG_ANALYZER_NUMBER_OBJECT_CONVERSION = YES_AGGRESSIVE;
				CLANG_CXX_LANGUAGE_STANDARD = "gnu++20";
				CLANG_ENABLE_MODULES = YES;
				CLANG_ENABLE_OBJC_ARC = YES;
				CLANG_ENABLE_OBJC_WEAK = YES;
				CLANG_WARN_BLOCK_CAPTURE_AUTORELEASING = YES;
				CLANG_WARN_BOOL_CONVERSION = YES;
				CLANG_WARN_COMMA = YES;
				CLANG_WARN_CONSTANT_CONVERSION = YES;
				CLANG_WARN_DEPRECATED_OBJC_IMPLEMENTATIONS = YES;
				CLANG_WARN_DIRECT_OBJC_ISA_USAGE = YES_ERROR;
				CLANG_WARN_DOCUMENTATION_COMMENTS = YES;
				CLANG_WARN_EMPTY_BODY = YES;
				CLANG_WARN_ENUM_CONVERSION = YES;
				CLANG_WARN_INFINITE_RECURSION = YES;
				CLANG_WARN_INT_CONVERSION = YES;
				CLANG_WARN_NON_LITERAL_NULL_CONVERSION = YES;
				CLANG_WARN_OBJC_IMPLICIT_RETAIN_SELF = YES;
				CLANG_WARN_OBJC_LITERAL_CONVERSION = YES;
				CLANG_WARN_OBJC_ROOT_CLASS = YES_ERROR;
				CLANG_WARN_QUOTED_INCLUDE_IN_FRAMEWORK_HEADER = YES;
				CLANG_WARN_RANGE_LOOP_ANALYSIS = YES;
				CLANG_WARN_STRICT_PROTOTYPES = YES;
				CLANG_WARN_SUSPICIOUS_MOVE = YES;
				CLANG_WARN_UNGUARDED_AVAILABILITY = YES_AGGRESSIVE;
				CLANG_WARN_UNREACHABLE_CODE = YES;
				CLANG_WARN__DUPLICATE_METHOD_MATCH = YES;
				COPY_PHASE_STRIP = NO;
				DEBUG_INFORMATION_FORMAT = "dwarf-with-dsym";
				ENABLE_NS_ASSERTIONS = NO;
				ENABLE_STRICT_OBJC_MSGSEND = YES;
				GCC_C_LANGUAGE_STANDARD = gnu11;
				GCC_NO_COMMON_BLOCKS = YES;
				GCC_WARN_64_TO_32_BIT_CONVERSION = YES;
				GCC_WARN_ABOUT_RETURN_TYPE = YES_ERROR;
				GCC_WARN_UNDECLARED_SELECTOR = YES;
				GCC_WARN_UNINITIALIZED_AUTOS = YES_AGGRESSIVE;
				GCC_WARN_UNUSED_FUNCTION = YES;
				GCC_WARN_UNUSED_VARIABLE = YES;
				IPHONEOS_DEPLOYMENT_TARGET = 16.4;
				MTL_ENABLE_DEBUG_INFO = NO;
				MTL_FAST_MATH = YES;
				SDKROOT = iphoneos;
				SWIFT_COMPILATION_MODE = wholemodule;
				SWIFT_OPTIMIZATION_LEVEL = "-O";
				VALIDATE_PRODUCT = YES;
			};
			name = Release;
		};
		97B6C3BC2A272D7E008D0BB6 /* Debug */ = {
			isa = XCBuildConfiguration;
			buildSettings = {
				ASSETCATALOG_COMPILER_APPICON_NAME = AppIcon;
				ASSETCATALOG_COMPILER_GLOBAL_ACCENT_COLOR_NAME = AccentColor;
				CODE_SIGN_STYLE = Automatic;
				CURRENT_PROJECT_VERSION = 1;
				DEVELOPMENT_ASSET_PATHS = "\"StickyHeaderSample/Preview Content\"";
				DEVELOPMENT_TEAM = FYPDVM3FRG;
				ENABLE_PREVIEWS = YES;
				GENERATE_INFOPLIST_FILE = YES;
				INFOPLIST_KEY_UIApplicationSceneManifest_Generation = YES;
				INFOPLIST_KEY_UIApplicationSupportsIndirectInputEvents = YES;
				INFOPLIST_KEY_UILaunchScreen_Generation = YES;
				INFOPLIST_KEY_UISupportedInterfaceOrientations_iPad = "UIInterfaceOrientationPortrait UIInterfaceOrientationPortraitUpsideDown UIInterfaceOrientationLandscapeLeft UIInterfaceOrientationLandscapeRight";
				INFOPLIST_KEY_UISupportedInterfaceOrientations_iPhone = "UIInterfaceOrientationPortrait UIInterfaceOrientationLandscapeLeft UIInterfaceOrientationLandscapeRight";
				LD_RUNPATH_SEARCH_PATHS = (
					"$(inherited)",
					"@executable_path/Frameworks",
				);
				MARKETING_VERSION = 1.0;
				PRODUCT_BUNDLE_IDENTIFIER = pokotieru.StickyHeaderSample;
				PRODUCT_NAME = "$(TARGET_NAME)";
				SWIFT_EMIT_LOC_STRINGS = YES;
				SWIFT_VERSION = 5.0;
				TARGETED_DEVICE_FAMILY = "1,2";
			};
			name = Debug;
		};
		97B6C3BD2A272D7E008D0BB6 /* Release */ = {
			isa = XCBuildConfiguration;
			buildSettings = {
				ASSETCATALOG_COMPILER_APPICON_NAME = AppIcon;
				ASSETCATALOG_COMPILER_GLOBAL_ACCENT_COLOR_NAME = AccentColor;
				CODE_SIGN_STYLE = Automatic;
				CURRENT_PROJECT_VERSION = 1;
				DEVELOPMENT_ASSET_PATHS = "\"StickyHeaderSample/Preview Content\"";
				DEVELOPMENT_TEAM = FYPDVM3FRG;
				ENABLE_PREVIEWS = YES;
				GENERATE_INFOPLIST_FILE = YES;
				INFOPLIST_KEY_UIApplicationSceneManifest_Generation = YES;
				INFOPLIST_KEY_UIApplicationSupportsIndirectInputEvents = YES;
				INFOPLIST_KEY_UILaunchScreen_Generation = YES;
				INFOPLIST_KEY_UISupportedInterfaceOrientations_iPad = "UIInterfaceOrientationPortrait UIInterfaceOrientationPortraitUpsideDown UIInterfaceOrientationLandscapeLeft UIInterfaceOrientationLandscapeRight";
				INFOPLIST_KEY_UISupportedInterfaceOrientations_iPhone = "UIInterfaceOrientationPortrait UIInterfaceOrientationLandscapeLeft UIInterfaceOrientationLandscapeRight";
				LD_RUNPATH_SEARCH_PATHS = (
					"$(inherited)",
					"@executable_path/Frameworks",
				);
				MARKETING_VERSION = 1.0;
				PRODUCT_BUNDLE_IDENTIFIER = pokotieru.StickyHeaderSample;
				PRODUCT_NAME = "$(TARGET_NAME)";
				SWIFT_EMIT_LOC_STRINGS = YES;
				SWIFT_VERSION = 5.0;
				TARGETED_DEVICE_FAMILY = "1,2";
			};
			name = Release;
		};
/* End XCBuildConfiguration section */

/* Begin XCConfigurationList section */
		97B6C3A82A272D7D008D0BB6 /* Build configuration list for PBXProject "StickyHeaderSample" */ = {
			isa = XCConfigurationList;
			buildConfigurations = (
				97B6C3B92A272D7E008D0BB6 /* Debug */,
				97B6C3BA2A272D7E008D0BB6 /* Release */,
			);
			defaultConfigurationIsVisible = 0;
			defaultConfigurationName = Release;
		};
		97B6C3BB2A272D7E008D0BB6 /* Build configuration list for PBXNativeTarget "StickyHeaderSample" */ = {
			isa = XCConfigurationList;
			buildConfigurations = (
				97B6C3BC2A272D7E008D0BB6 /* Debug */,
				97B6C3BD2A272D7E008D0BB6 /* Release */,
			);
			defaultConfigurationIsVisible = 0;
			defaultConfigurationName = Release;
		};
/* End XCConfigurationList section */
	};
	rootObject = 97B6C3A52A272D7D008D0BB6 /* Project object */;
}
